
Microsoft Visual Studio Solution File, Format Version 11.00
# Visual Studio 2010
Project("{FAE04EC0-301F-11D3-BF4B-00C04F79EFBC}") = "JoEngineCueMaker", "JoEngineCueMaker.csproj", "{593B7FA4-AD85-4261-9DCC-2CDCB27403AC}"
EndProject
Global
	GlobalSection(SolutionConfigurationPlatforms) = preSolution
		Debug|x86 = Debug|x86
		Release|x86 = Release|x86
	EndGlobalSection
	GlobalSection(ProjectConfigurationPlatforms) = postSolution
		{593B7FA4-AD85-4261-9DCC-2CDCB27403AC}.Debug|x86.ActiveCfg = Debug|x86
		{593B7FA4-AD85-4261-9DCC-2CDCB27403AC}.Debug|x86.Build.0 = Debug|x86
		{593B7FA4-AD85-4261-9DCC-2CDCB27403AC}.Release|x86.ActiveCfg = Release|x86
		{593B7FA4-AD85-4261-9DCC-2CDCB27403AC}.Release|x86.Build.0 = Release|x86
	EndGlobalSection
	GlobalSection(SolutionProperties) = preSolution
		HideSolutionNode = FALSE
	EndGlobalSection
EndGlobal
